{
  "version": 4,
  "terraform_version": "1.8.4",
  "serial": 52,
  "lineage": "120b8c5b-7577-3a24-43a3-f2e041d17e71",
  "outputs": {
    "base_url": {
      "value": "https://nrip3zrv16.execute-api.ap-northeast-2.amazonaws.com",
      "type": "string"
    },
    "function_name": {
      "value": "LambdaHandler",
      "type": "string"
    },
    "get_base_url": {
      "value": "https://nrip3zrv16.execute-api.ap-northeast-2.amazonaws.com/dev",
      "type": "string"
    },
    "lambda_bucket_object": {
      "value": {
        "acl": "public-read",
        "arn": "arn:aws:s3:::lambda-bucket-nicely-slightly-beloved-racer/handler.zip",
        "bucket": "lambda-bucket-nicely-slightly-beloved-racer",
        "bucket_key_enabled": false,
        "cache_control": "",
        "checksum_algorithm": null,
        "checksum_crc32": "",
        "checksum_crc32c": "",
        "checksum_sha1": "",
        "checksum_sha256": "",
        "content": null,
        "content_base64": null,
        "content_disposition": "",
        "content_encoding": "",
        "content_language": "",
        "content_type": "application/octet-stream",
        "etag": "800751802fc70cd9adc329d6ad573353",
        "force_destroy": false,
        "id": "handler.zip",
        "key": "handler.zip",
        "kms_key_id": null,
        "metadata": {},
        "object_lock_legal_hold_status": "",
        "object_lock_mode": "",
        "object_lock_retain_until_date": "",
        "override_provider": [],
        "server_side_encryption": "AES256",
        "source": "/handler.zip",
        "source_hash": null,
        "storage_class": "STANDARD",
        "tags": {},
        "tags_all": {
          "tag_name": "lambda-api-gateway"
        },
        "version_id": "",
        "website_redirect": ""
      },
      "type": [
        "object",
        {
          "acl": "string",
          "arn": "string",
          "bucket": "string",
          "bucket_key_enabled": "bool",
          "cache_control": "string",
          "checksum_algorithm": "string",
          "checksum_crc32": "string",
          "checksum_crc32c": "string",
          "checksum_sha1": "string",
          "checksum_sha256": "string",
          "content": "string",
          "content_base64": "string",
          "content_disposition": "string",
          "content_encoding": "string",
          "content_language": "string",
          "content_type": "string",
          "etag": "string",
          "force_destroy": "bool",
          "id": "string",
          "key": "string",
          "kms_key_id": "string",
          "metadata": [
            "map",
            "string"
          ],
          "object_lock_legal_hold_status": "string",
          "object_lock_mode": "string",
          "object_lock_retain_until_date": "string",
          "override_provider": [
            "list",
            [
              "object",
              {
                "default_tags": [
                  "list",
                  [
                    "object",
                    {
                      "tags": [
                        "map",
                        "string"
                      ]
                    }
                  ]
                ]
              }
            ]
          ],
          "server_side_encryption": "string",
          "source": "string",
          "source_hash": "string",
          "storage_class": "string",
          "tags": [
            "map",
            "string"
          ],
          "tags_all": [
            "map",
            "string"
          ],
          "version_id": "string",
          "website_redirect": "string"
        }
      ]
    },
    "lambda_role": {
      "value": {
        "arn": "arn:aws:iam::815833166651:role/handler-lambda-role",
        "assume_role_policy": "{\"Statement\":[{\"Action\":\"sts:AssumeRole\",\"Effect\":\"Allow\",\"Principal\":{\"Service\":\"lambda.amazonaws.com\"},\"Sid\":\"\"}],\"Version\":\"2012-10-17\"}",
        "create_date": "2024-05-30T06:03:43Z",
        "description": "",
        "force_detach_policies": false,
        "id": "handler-lambda-role",
        "inline_policy": [],
        "managed_policy_arns": [
          "arn:aws:iam::aws:policy/service-role/AWSLambdaBasicExecutionRole"
        ],
        "max_session_duration": 3600,
        "name": "handler-lambda-role",
        "name_prefix": "",
        "path": "/",
        "permissions_boundary": "",
        "tags": {},
        "tags_all": {
          "tag_name": "lambda-api-gateway"
        },
        "unique_id": "AROA3343SGM564YDIWTDM"
      },
      "type": [
        "object",
        {
          "arn": "string",
          "assume_role_policy": "string",
          "create_date": "string",
          "description": "string",
          "force_detach_policies": "bool",
          "id": "string",
          "inline_policy": [
            "set",
            [
              "object",
              {
                "name": "string",
                "policy": "string"
              }
            ]
          ],
          "managed_policy_arns": [
            "set",
            "string"
          ],
          "max_session_duration": "number",
          "name": "string",
          "name_prefix": "string",
          "path": "string",
          "permissions_boundary": "string",
          "tags": [
            "map",
            "string"
          ],
          "tags_all": [
            "map",
            "string"
          ],
          "unique_id": "string"
        }
      ]
    },
    "website_url": {
      "value": "minh22.s3-website.ap-northeast-2.amazonaws.com",
      "type": "string"
    }
  },
  "resources": [
    {
      "mode": "data",
      "type": "archive_file",
      "name": "lambda_handler_archive_file",
      "provider": "provider[\"registry.terraform.io/hashicorp/archive\"]",
      "instances": [
        {
          "schema_version": 0,
          "attributes": {
            "exclude_symlink_directories": null,
            "excludes": null,
            "id": "5bc56cf0c466ae9f8dea1dca6695b451b4fa2594",
            "output_base64sha256": "Y1+2px26bDmJSlW2bPz9djz/u84LI5S4rP99wzMoJX8=",
            "output_base64sha512": "nvN8iCz3SG0cUOIdlI8RS//Q37fkBUmLR0fPV/OaNmr0XFle+3Viu3JvmqupV8urOu3dJMMgINYZa1901XHruA==",
            "output_file_mode": null,
            "output_md5": "800751802fc70cd9adc329d6ad573353",
            "output_path": "/handler.zip",
            "output_sha": "5bc56cf0c466ae9f8dea1dca6695b451b4fa2594",
            "output_sha256": "635fb6a71dba6c39894a55b66cfcfd763cffbbce0b2394b8acff7dc33328257f",
            "output_sha512": "9ef37c882cf7486d1c50e21d948f114bffd0dfb7e405498b4747cf57f39a366af45c595efb7562bb726f9aaba957cbab3aeddd24c32020d6196b5f74d571ebb8",
            "output_size": 853,
            "source": [],
            "source_content": null,
            "source_content_filename": null,
            "source_dir": null,
            "source_file": "./handler/lambda_function.py",
            "type": "zip"
          },
          "sensitive_attributes": []
        }
      ]
    },
    {
      "mode": "managed",
      "type": "aws_apigatewayv2_api",
      "name": "lambda_api_gateway",
      "provider": "provider[\"registry.terraform.io/hashicorp/aws\"]",
      "instances": [
        {
          "schema_version": 0,
          "attributes": {
            "api_endpoint": "https://nrip3zrv16.execute-api.ap-northeast-2.amazonaws.com",
            "api_key_selection_expression": "$request.header.x-api-key",
            "arn": "arn:aws:apigateway:ap-northeast-2::/apis/nrip3zrv16",
            "body": null,
            "cors_configuration": [],
            "credentials_arn": null,
            "description": "",
            "disable_execute_api_endpoint": false,
            "execution_arn": "arn:aws:execute-api:ap-northeast-2:815833166651:nrip3zrv16",
            "fail_on_warnings": null,
            "id": "nrip3zrv16",
            "name": "main",
            "protocol_type": "HTTP",
            "route_key": null,
            "route_selection_expression": "$request.method $request.path",
            "tags": {},
            "tags_all": {
              "tag_name": "lambda-api-gateway"
            },
            "target": null,
            "version": ""
          },
          "sensitive_attributes": [],
          "private": "bnVsbA=="
        }
      ]
    },
    {
      "mode": "managed",
      "type": "aws_apigatewayv2_integration",
      "name": "lambda_api_gateway_integration",
      "provider": "provider[\"registry.terraform.io/hashicorp/aws\"]",
      "instances": [
        {
          "schema_version": 0,
          "attributes": {
            "api_id": "nrip3zrv16",
            "connection_id": "",
            "connection_type": "INTERNET",
            "content_handling_strategy": "",
            "credentials_arn": "",
            "description": "",
            "id": "ilrz4o1",
            "integration_method": "POST",
            "integration_response_selection_expression": "",
            "integration_subtype": "",
            "integration_type": "AWS_PROXY",
            "integration_uri": "arn:aws:apigateway:ap-northeast-2:lambda:path/2015-03-31/functions/arn:aws:lambda:ap-northeast-2:815833166651:function:LambdaHandler/invocations",
            "passthrough_behavior": "",
            "payload_format_version": "1.0",
            "request_parameters": {},
            "request_templates": {},
            "response_parameters": [],
            "template_selection_expression": "",
            "timeout_milliseconds": 30000,
            "tls_config": []
          },
          "sensitive_attributes": [],
          "private": "bnVsbA==",
          "dependencies": [
            "aws_apigatewayv2_api.lambda_api_gateway",
            "aws_iam_role.lambda_role",
            "aws_lambda_function.lambda_handler",
            "aws_s3_bucket.lambda_bucket",
            "aws_s3_object.lambda_handler_bucket_object",
            "data.archive_file.lambda_handler_archive_file",
            "random_pet.lambda_bucket_name"
          ]
        }
      ]
    },
    {
      "mode": "managed",
      "type": "aws_apigatewayv2_route",
      "name": "get_lambda_api_gateway_route",
      "provider": "provider[\"registry.terraform.io/hashicorp/aws\"]",
      "instances": [
        {
          "schema_version": 0,
          "attributes": {
            "api_id": "nrip3zrv16",
            "api_key_required": false,
            "authorization_scopes": [],
            "authorization_type": "NONE",
            "authorizer_id": "",
            "id": "b8rj21m",
            "model_selection_expression": "",
            "operation_name": "",
            "request_models": {},
            "request_parameter": [],
            "route_key": "GET /hello",
            "route_response_selection_expression": "",
            "target": "integrations/ilrz4o1"
          },
          "sensitive_attributes": [],
          "private": "bnVsbA==",
          "dependencies": [
            "aws_apigatewayv2_api.lambda_api_gateway",
            "aws_apigatewayv2_integration.lambda_api_gateway_integration",
            "aws_iam_role.lambda_role",
            "aws_lambda_function.lambda_handler",
            "aws_s3_bucket.lambda_bucket",
            "aws_s3_object.lambda_handler_bucket_object",
            "data.archive_file.lambda_handler_archive_file",
            "random_pet.lambda_bucket_name"
          ]
        }
      ]
    },
    {
      "mode": "managed",
      "type": "aws_apigatewayv2_stage",
      "name": "lambda_api_gateway_stage",
      "provider": "provider[\"registry.terraform.io/hashicorp/aws\"]",
      "instances": [
        {
          "schema_version": 0,
          "attributes": {
            "access_log_settings": [
              {
                "destination_arn": "arn:aws:logs:ap-northeast-2:815833166651:log-group:/aws/apigateway/main",
                "format": "{\"httpMethod\":\"$context.httpMethod\",\"integrationErrorMessage\":\"$context.integrationErrorMessage\",\"protocol\":\"$context.protocol\",\"requestId\":\"$context.requestId\",\"requestTime\":\"$context.requestTime\",\"resourcePath\":\"$context.resourcePath\",\"responseLength\":\"$context.responseLength\",\"routeKey\":\"$context.routeKey\",\"sourceIp\":\"$context.identity.sourceIp\",\"status\":\"$context.status\"}"
              }
            ],
            "api_id": "nrip3zrv16",
            "arn": "arn:aws:apigateway:ap-northeast-2::/apis/nrip3zrv16/stages/dev",
            "auto_deploy": true,
            "client_certificate_id": "",
            "default_route_settings": [
              {
                "data_trace_enabled": false,
                "detailed_metrics_enabled": false,
                "logging_level": "",
                "throttling_burst_limit": 0,
                "throttling_rate_limit": 0
              }
            ],
            "deployment_id": "krv33j",
            "description": "",
            "execution_arn": "arn:aws:execute-api:ap-northeast-2:815833166651:nrip3zrv16/dev",
            "id": "dev",
            "invoke_url": "https://nrip3zrv16.execute-api.ap-northeast-2.amazonaws.com/dev",
            "name": "dev",
            "route_settings": [],
            "stage_variables": {},
            "tags": {},
            "tags_all": {
              "tag_name": "lambda-api-gateway"
            }
          },
          "sensitive_attributes": [],
          "private": "bnVsbA==",
          "dependencies": [
            "aws_apigatewayv2_api.lambda_api_gateway",
            "aws_cloudwatch_log_group.api_gw"
          ]
        }
      ]
    },
    {
      "mode": "managed",
      "type": "aws_cloudwatch_log_group",
      "name": "api_gw",
      "provider": "provider[\"registry.terraform.io/hashicorp/aws\"]",
      "instances": [
        {
          "schema_version": 0,
          "attributes": {
            "arn": "arn:aws:logs:ap-northeast-2:815833166651:log-group:/aws/apigateway/main",
            "id": "/aws/apigateway/main",
            "kms_key_id": "",
            "log_group_class": "STANDARD",
            "name": "/aws/apigateway/main",
            "name_prefix": "",
            "retention_in_days": 7,
            "skip_destroy": false,
            "tags": {},
            "tags_all": {
              "tag_name": "lambda-api-gateway"
            }
          },
          "sensitive_attributes": [],
          "private": "bnVsbA==",
          "dependencies": [
            "aws_apigatewayv2_api.lambda_api_gateway"
          ]
        }
      ]
    },
    {
      "mode": "managed",
      "type": "aws_cloudwatch_log_group",
      "name": "lambda_cloudwatch_log",
      "provider": "provider[\"registry.terraform.io/hashicorp/aws\"]",
      "instances": [
        {
          "schema_version": 0,
          "attributes": {
            "arn": "arn:aws:logs:ap-northeast-2:815833166651:log-group:/aws/lambda/LambdaHandler",
            "id": "/aws/lambda/LambdaHandler",
            "kms_key_id": "",
            "log_group_class": "STANDARD",
            "name": "/aws/lambda/LambdaHandler",
            "name_prefix": "",
            "retention_in_days": 14,
            "skip_destroy": false,
            "tags": {},
            "tags_all": {
              "tag_name": "lambda-api-gateway"
            }
          },
          "sensitive_attributes": [],
          "private": "bnVsbA==",
          "dependencies": [
            "aws_iam_role.lambda_role",
            "aws_lambda_function.lambda_handler",
            "aws_s3_bucket.lambda_bucket",
            "aws_s3_object.lambda_handler_bucket_object",
            "data.archive_file.lambda_handler_archive_file",
            "random_pet.lambda_bucket_name"
          ]
        }
      ]
    },
    {
      "mode": "managed",
      "type": "aws_iam_role",
      "name": "lambda_role",
      "provider": "provider[\"registry.terraform.io/hashicorp/aws\"]",
      "instances": [
        {
          "schema_version": 0,
          "attributes": {
            "arn": "arn:aws:iam::815833166651:role/handler-lambda-role",
            "assume_role_policy": "{\"Statement\":[{\"Action\":\"sts:AssumeRole\",\"Effect\":\"Allow\",\"Principal\":{\"Service\":\"lambda.amazonaws.com\"},\"Sid\":\"\"}],\"Version\":\"2012-10-17\"}",
            "create_date": "2024-05-30T06:03:43Z",
            "description": "",
            "force_detach_policies": false,
            "id": "handler-lambda-role",
            "inline_policy": [],
            "managed_policy_arns": [
              "arn:aws:iam::aws:policy/service-role/AWSLambdaBasicExecutionRole"
            ],
            "max_session_duration": 3600,
            "name": "handler-lambda-role",
            "name_prefix": "",
            "path": "/",
            "permissions_boundary": "",
            "tags": {},
            "tags_all": {
              "tag_name": "lambda-api-gateway"
            },
            "unique_id": "AROA3343SGM564YDIWTDM"
          },
          "sensitive_attributes": [],
          "private": "bnVsbA=="
        }
      ]
    },
    {
      "mode": "managed",
      "type": "aws_iam_role_policy_attachment",
      "name": "lambda_role_policy",
      "provider": "provider[\"registry.terraform.io/hashicorp/aws\"]",
      "instances": [
        {
          "schema_version": 0,
          "attributes": {
            "id": "handler-lambda-role-20240530060345075900000001",
            "policy_arn": "arn:aws:iam::aws:policy/service-role/AWSLambdaBasicExecutionRole",
            "role": "handler-lambda-role"
          },
          "sensitive_attributes": [],
          "private": "bnVsbA==",
          "dependencies": [
            "aws_iam_role.lambda_role"
          ]
        }
      ]
    },
    {
      "mode": "managed",
      "type": "aws_lambda_function",
      "name": "lambda_handler",
      "provider": "provider[\"registry.terraform.io/hashicorp/aws\"]",
      "instances": [
        {
          "schema_version": 0,
          "attributes": {
            "architectures": [
              "x86_64"
            ],
            "arn": "arn:aws:lambda:ap-northeast-2:815833166651:function:LambdaHandler",
            "code_sha256": "Y1+2px26bDmJSlW2bPz9djz/u84LI5S4rP99wzMoJX8=",
            "code_signing_config_arn": "",
            "dead_letter_config": [],
            "description": "",
            "environment": [],
            "ephemeral_storage": [
              {
                "size": 512
              }
            ],
            "file_system_config": [],
            "filename": null,
            "function_name": "LambdaHandler",
            "handler": "app",
            "id": "LambdaHandler",
            "image_config": [],
            "image_uri": "",
            "invoke_arn": "arn:aws:apigateway:ap-northeast-2:lambda:path/2015-03-31/functions/arn:aws:lambda:ap-northeast-2:815833166651:function:LambdaHandler/invocations",
            "kms_key_arn": "",
            "last_modified": "2024-05-30T06:27:22.254+0000",
            "layers": [],
            "logging_config": [
              {
                "application_log_level": "",
                "log_format": "Text",
                "log_group": "/aws/lambda/LambdaHandler",
                "system_log_level": ""
              }
            ],
            "memory_size": 128,
            "package_type": "Zip",
            "publish": false,
            "qualified_arn": "arn:aws:lambda:ap-northeast-2:815833166651:function:LambdaHandler:$LATEST",
            "qualified_invoke_arn": "arn:aws:apigateway:ap-northeast-2:lambda:path/2015-03-31/functions/arn:aws:lambda:ap-northeast-2:815833166651:function:LambdaHandler:$LATEST/invocations",
            "replace_security_groups_on_destroy": null,
            "replacement_security_group_ids": null,
            "reserved_concurrent_executions": -1,
            "role": "arn:aws:iam::815833166651:role/handler-lambda-role",
            "runtime": "python3.12",
            "s3_bucket": "lambda-bucket-nicely-slightly-beloved-racer",
            "s3_key": "handler.zip",
            "s3_object_version": null,
            "signing_job_arn": "",
            "signing_profile_version_arn": "",
            "skip_destroy": false,
            "snap_start": [],
            "source_code_hash": "Y1+2px26bDmJSlW2bPz9djz/u84LI5S4rP99wzMoJX8=",
            "source_code_size": 853,
            "tags": {},
            "tags_all": {
              "tag_name": "lambda-api-gateway"
            },
            "timeout": 3,
            "timeouts": null,
            "tracing_config": [
              {
                "mode": "PassThrough"
              }
            ],
            "version": "$LATEST",
            "vpc_config": []
          },
          "sensitive_attributes": [],
          "private": "eyJlMmJmYjczMC1lY2FhLTExZTYtOGY4OC0zNDM2M2JjN2M0YzAiOnsiY3JlYXRlIjo2MDAwMDAwMDAwMDAsImRlbGV0ZSI6NjAwMDAwMDAwMDAwLCJ1cGRhdGUiOjYwMDAwMDAwMDAwMH19",
          "dependencies": [
            "aws_iam_role.lambda_role",
            "aws_s3_bucket.lambda_bucket",
            "aws_s3_object.lambda_handler_bucket_object",
            "data.archive_file.lambda_handler_archive_file",
            "random_pet.lambda_bucket_name"
          ]
        }
      ]
    },
    {
      "mode": "managed",
      "type": "aws_lambda_permission",
      "name": "lambda_api_gateway_permission",
      "provider": "provider[\"registry.terraform.io/hashicorp/aws\"]",
      "instances": [
        {
          "schema_version": 0,
          "attributes": {
            "action": "lambda:InvokeFunction",
            "event_source_token": null,
            "function_name": "LambdaHandler",
            "function_url_auth_type": null,
            "id": "AllowExecutionFromAPIGateway",
            "principal": "apigateway.amazonaws.com",
            "principal_org_id": null,
            "qualifier": "",
            "source_account": null,
            "source_arn": "arn:aws:execute-api:ap-northeast-2:815833166651:nrip3zrv16/*/*",
            "statement_id": "AllowExecutionFromAPIGateway",
            "statement_id_prefix": ""
          },
          "sensitive_attributes": [],
          "private": "bnVsbA==",
          "dependencies": [
            "aws_apigatewayv2_api.lambda_api_gateway",
            "aws_iam_role.lambda_role",
            "aws_lambda_function.lambda_handler",
            "aws_s3_bucket.lambda_bucket",
            "aws_s3_object.lambda_handler_bucket_object",
            "data.archive_file.lambda_handler_archive_file",
            "random_pet.lambda_bucket_name"
          ]
        }
      ]
    },
    {
      "mode": "managed",
      "type": "aws_s3_bucket",
      "name": "lambda_bucket",
      "provider": "provider[\"registry.terraform.io/hashicorp/aws\"]",
      "instances": [
        {
          "schema_version": 0,
          "attributes": {
            "acceleration_status": "",
            "acl": null,
            "arn": "arn:aws:s3:::lambda-bucket-nicely-slightly-beloved-racer",
            "bucket": "lambda-bucket-nicely-slightly-beloved-racer",
            "bucket_domain_name": "lambda-bucket-nicely-slightly-beloved-racer.s3.amazonaws.com",
            "bucket_prefix": "",
            "bucket_regional_domain_name": "lambda-bucket-nicely-slightly-beloved-racer.s3.ap-northeast-2.amazonaws.com",
            "cors_rule": [],
            "force_destroy": false,
            "grant": [
              {
                "id": "2a57b6f889b171f2908e85f07afe827bd36dab1d29b36ed5b1c3ec215c033424",
                "permissions": [
                  "FULL_CONTROL"
                ],
                "type": "CanonicalUser",
                "uri": ""
              }
            ],
            "hosted_zone_id": "Z3W03O7B5YMIYP",
            "id": "lambda-bucket-nicely-slightly-beloved-racer",
            "lifecycle_rule": [],
            "logging": [],
            "object_lock_configuration": [],
            "object_lock_enabled": false,
            "policy": "{\"Statement\":[{\"Action\":\"s3:GetObject\",\"Effect\":\"Allow\",\"Principal\":\"*\",\"Resource\":\"arn:aws:s3:::lambda-bucket-nicely-slightly-beloved-racer/*\"}],\"Version\":\"2012-10-17\"}",
            "region": "ap-northeast-2",
            "replication_configuration": [],
            "request_payer": "BucketOwner",
            "server_side_encryption_configuration": [
              {
                "rule": [
                  {
                    "apply_server_side_encryption_by_default": [
                      {
                        "kms_master_key_id": "",
                        "sse_algorithm": "AES256"
                      }
                    ],
                    "bucket_key_enabled": false
                  }
                ]
              }
            ],
            "tags": {},
            "tags_all": {
              "tag_name": "lambda-api-gateway"
            },
            "timeouts": null,
            "versioning": [
              {
                "enabled": false,
                "mfa_delete": false
              }
            ],
            "website": [
              {
                "error_document": "error.html",
                "index_document": "index.html",
                "redirect_all_requests_to": "",
                "routing_rules": ""
              }
            ],
            "website_domain": "s3-website.ap-northeast-2.amazonaws.com",
            "website_endpoint": "lambda-bucket-nicely-slightly-beloved-racer.s3-website.ap-northeast-2.amazonaws.com"
          },
          "sensitive_attributes": [],
          "private": "eyJlMmJmYjczMC1lY2FhLTExZTYtOGY4OC0zNDM2M2JjN2M0YzAiOnsiY3JlYXRlIjoxMjAwMDAwMDAwMDAwLCJkZWxldGUiOjM2MDAwMDAwMDAwMDAsInJlYWQiOjEyMDAwMDAwMDAwMDAsInVwZGF0ZSI6MTIwMDAwMDAwMDAwMH19",
          "dependencies": [
            "random_pet.lambda_bucket_name"
          ]
        }
      ]
    },
    {
      "mode": "managed",
      "type": "aws_s3_bucket",
      "name": "my_bucket",
      "provider": "provider[\"registry.terraform.io/hashicorp/aws\"]",
      "instances": [
        {
          "schema_version": 0,
          "attributes": {
            "acceleration_status": "",
            "acl": null,
            "arn": "arn:aws:s3:::minh22",
            "bucket": "minh22",
            "bucket_domain_name": "minh22.s3.amazonaws.com",
            "bucket_prefix": "",
            "bucket_regional_domain_name": "minh22.s3.ap-northeast-2.amazonaws.com",
            "cors_rule": [],
            "force_destroy": false,
            "grant": [
              {
                "id": "2a57b6f889b171f2908e85f07afe827bd36dab1d29b36ed5b1c3ec215c033424",
                "permissions": [
                  "FULL_CONTROL"
                ],
                "type": "CanonicalUser",
                "uri": ""
              }
            ],
            "hosted_zone_id": "Z3W03O7B5YMIYP",
            "id": "minh22",
            "lifecycle_rule": [],
            "logging": [],
            "object_lock_configuration": [],
            "object_lock_enabled": false,
            "policy": "",
            "region": "ap-northeast-2",
            "replication_configuration": [],
            "request_payer": "BucketOwner",
            "server_side_encryption_configuration": [
              {
                "rule": [
                  {
                    "apply_server_side_encryption_by_default": [
                      {
                        "kms_master_key_id": "",
                        "sse_algorithm": "AES256"
                      }
                    ],
                    "bucket_key_enabled": false
                  }
                ]
              }
            ],
            "tags": {},
            "tags_all": {
              "tag_name": "lambda-api-gateway"
            },
            "timeouts": null,
            "versioning": [
              {
                "enabled": false,
                "mfa_delete": false
              }
            ],
            "website": [
              {
                "error_document": "error.html",
                "index_document": "index.html",
                "redirect_all_requests_to": "",
                "routing_rules": ""
              }
            ],
            "website_domain": "s3-website.ap-northeast-2.amazonaws.com",
            "website_endpoint": "minh22.s3-website.ap-northeast-2.amazonaws.com"
          },
          "sensitive_attributes": [],
          "private": "eyJlMmJmYjczMC1lY2FhLTExZTYtOGY4OC0zNDM2M2JjN2M0YzAiOnsiY3JlYXRlIjoxMjAwMDAwMDAwMDAwLCJkZWxldGUiOjM2MDAwMDAwMDAwMDAsInJlYWQiOjEyMDAwMDAwMDAwMDAsInVwZGF0ZSI6MTIwMDAwMDAwMDAwMH19"
        }
      ]
    },
    {
      "mode": "managed",
      "type": "aws_s3_bucket_acl",
      "name": "lambda_bucket_acl",
      "provider": "provider[\"registry.terraform.io/hashicorp/aws\"]",
      "instances": [
        {
          "schema_version": 0,
          "attributes": {
            "access_control_policy": [
              {
                "grant": [
                  {
                    "grantee": [
                      {
                        "display_name": "",
                        "email_address": "",
                        "id": "2a57b6f889b171f2908e85f07afe827bd36dab1d29b36ed5b1c3ec215c033424",
                        "type": "CanonicalUser",
                        "uri": ""
                      }
                    ],
                    "permission": "FULL_CONTROL"
                  }
                ],
                "owner": [
                  {
                    "display_name": "",
                    "id": "2a57b6f889b171f2908e85f07afe827bd36dab1d29b36ed5b1c3ec215c033424"
                  }
                ]
              }
            ],
            "acl": "private",
            "bucket": "lambda-bucket-nicely-slightly-beloved-racer",
            "expected_bucket_owner": "",
            "id": "lambda-bucket-nicely-slightly-beloved-racer,private"
          },
          "sensitive_attributes": [],
          "private": "bnVsbA==",
          "dependencies": [
            "aws_s3_bucket.lambda_bucket",
            "aws_s3_bucket_ownership_controls.lambda_bucket_ownership_controls",
            "random_pet.lambda_bucket_name"
          ]
        }
      ]
    },
    {
      "mode": "managed",
      "type": "aws_s3_bucket_ownership_controls",
      "name": "lambda_bucket_ownership_controls",
      "provider": "provider[\"registry.terraform.io/hashicorp/aws\"]",
      "instances": [
        {
          "schema_version": 0,
          "attributes": {
            "bucket": "lambda-bucket-nicely-slightly-beloved-racer",
            "id": "lambda-bucket-nicely-slightly-beloved-racer",
            "rule": [
              {
                "object_ownership": "BucketOwnerPreferred"
              }
            ]
          },
          "sensitive_attributes": [],
          "private": "bnVsbA==",
          "dependencies": [
            "aws_s3_bucket.lambda_bucket",
            "random_pet.lambda_bucket_name"
          ]
        }
      ]
    },
    {
      "mode": "managed",
      "type": "aws_s3_bucket_policy",
      "name": "lambda_bucket_policy",
      "provider": "provider[\"registry.terraform.io/hashicorp/aws\"]",
      "instances": [
        {
          "schema_version": 0,
          "attributes": {
            "bucket": "lambda-bucket-nicely-slightly-beloved-racer",
            "id": "lambda-bucket-nicely-slightly-beloved-racer",
            "policy": "{\"Statement\":[{\"Action\":\"s3:GetObject\",\"Effect\":\"Allow\",\"Principal\":\"*\",\"Resource\":\"arn:aws:s3:::lambda-bucket-nicely-slightly-beloved-racer/*\"}],\"Version\":\"2012-10-17\"}"
          },
          "sensitive_attributes": [],
          "private": "bnVsbA==",
          "dependencies": [
            "aws_s3_bucket.lambda_bucket",
            "random_pet.lambda_bucket_name"
          ]
        }
      ]
    },
    {
      "mode": "managed",
      "type": "aws_s3_object",
      "name": "lambda_handler_bucket_object",
      "provider": "provider[\"registry.terraform.io/hashicorp/aws\"]",
      "instances": [
        {
          "schema_version": 0,
          "attributes": {
            "acl": "public-read",
            "arn": "arn:aws:s3:::lambda-bucket-nicely-slightly-beloved-racer/handler.zip",
            "bucket": "lambda-bucket-nicely-slightly-beloved-racer",
            "bucket_key_enabled": false,
            "cache_control": "",
            "checksum_algorithm": null,
            "checksum_crc32": "",
            "checksum_crc32c": "",
            "checksum_sha1": "",
            "checksum_sha256": "",
            "content": null,
            "content_base64": null,
            "content_disposition": "",
            "content_encoding": "",
            "content_language": "",
            "content_type": "application/octet-stream",
            "etag": "800751802fc70cd9adc329d6ad573353",
            "force_destroy": false,
            "id": "handler.zip",
            "key": "handler.zip",
            "kms_key_id": null,
            "metadata": {},
            "object_lock_legal_hold_status": "",
            "object_lock_mode": "",
            "object_lock_retain_until_date": "",
            "override_provider": [],
            "server_side_encryption": "AES256",
            "source": "/handler.zip",
            "source_hash": null,
            "storage_class": "STANDARD",
            "tags": {},
            "tags_all": {
              "tag_name": "lambda-api-gateway"
            },
            "version_id": "",
            "website_redirect": ""
          },
          "sensitive_attributes": [],
          "private": "bnVsbA==",
          "dependencies": [
            "aws_s3_bucket.lambda_bucket",
            "data.archive_file.lambda_handler_archive_file",
            "random_pet.lambda_bucket_name"
          ]
        }
      ]
    },
    {
      "mode": "managed",
      "type": "random_pet",
      "name": "lambda_bucket_name",
      "provider": "provider[\"registry.terraform.io/hashicorp/random\"]",
      "instances": [
        {
          "schema_version": 0,
          "attributes": {
            "id": "lambda-bucket-nicely-slightly-beloved-racer",
            "keepers": null,
            "length": 4,
            "prefix": "lambda-bucket",
            "separator": "-"
          },
          "sensitive_attributes": [],
          "private": "bnVsbA=="
        }
      ]
    }
  ],
  "check_results": null
}
